
Microsoft Visual Studio Solution File, Format Version 12.00
# Visual Studio Version 17
VisualStudioVersion = 17.0.32014.148
MinimumVisualStudioVersion = 10.0.40219.1
Project("{FAE04EC0-301F-11D3-BF4B-00C04F79EFBC}") = "StoreChain", "StoreChain\StoreChain.csproj", "{B7EC5069-C6FD-4D5F-AE32-4340786BCBDD}"
EndProject
Global
	GlobalSection(SolutionConfigurationPlatforms) = preSolution
		Debug|Any CPU = Debug|Any CPU
		Release|Any CPU = Release|Any CPU
	EndGlobalSection
	GlobalSection(ProjectConfigurationPlatforms) = postSolution
		{B7EC5069-C6FD-4D5F-AE32-4340786BCBDD}.Debug|Any CPU.ActiveCfg = Debug|Any CPU
		{B7EC5069-C6FD-4D5F-AE32-4340786BCBDD}.Debug|Any CPU.Build.0 = Debug|Any CPU
		{B7EC5069-C6FD-4D5F-AE32-4340786BCBDD}.Release|Any CPU.ActiveCfg = Release|Any CPU
		{B7EC5069-C6FD-4D5F-AE32-4340786BCBDD}.Release|Any CPU.Build.0 = Release|Any CPU
	EndGlobalSection
	GlobalSection(SolutionProperties) = preSolution
		HideSolutionNode = FALSE
	EndGlobalSection
	GlobalSection(ExtensibilityGlobals) = postSolution
		SolutionGuid = {6BB8A28E-B7DE-4C45-8CC5-9105639DA8C1}
	EndGlobalSection
EndGlobal
